// !$*UTF8*$!
{
	archiveVersion = 1;
	classes = {
	};
	objectVersion = 46;
	objects = {

/* Begin PBXBuildFile section */
		B434D59A167BB657000945F0 /* Foundation.framework in Frameworks */ = {isa = PBXBuildFile; fileRef = B434D599167BB657000945F0 /* Foundation.framework */; };
		B434D5BF167BB674000945F0 /* AFHTTPRequestOperation.m in Sources */ = {isa = PBXBuildFile; fileRef = B434D5AB167BB674000945F0 /* AFHTTPRequestOperation.m */; };
		B434D5C4167BB674000945F0 /* AFURLConnectionOperation.m in Sources */ = {isa = PBXBuildFile; fileRef = B434D5B9167BB674000945F0 /* AFURLConnectionOperation.m */; };
		B4CAF0FE1999346900856F13 /* AFHTTPRequestOperationManager.h in Headers */ = {isa = PBXBuildFile; fileRef = B4CAF0FA1999346900856F13 /* AFHTTPRequestOperationManager.h */; };
		B4CAF0FF1999346900856F13 /* AFHTTPRequestOperationManager.m in Sources */ = {isa = PBXBuildFile; fileRef = B4CAF0FB1999346900856F13 /* AFHTTPRequestOperationManager.m */; };
		B4CAF1001999346900856F13 /* AFHTTPSessionManager.h in Headers */ = {isa = PBXBuildFile; fileRef = B4CAF0FC1999346900856F13 /* AFHTTPSessionManager.h */; };
		B4CAF1011999346900856F13 /* AFHTTPSessionManager.m in Sources */ = {isa = PBXBuildFile; fileRef = B4CAF0FD1999346900856F13 /* AFHTTPSessionManager.m */; };
		B4CAF106199934C000856F13 /* AFNetworkReachabilityManager.h in Headers */ = {isa = PBXBuildFile; fileRef = B4CAF102199934C000856F13 /* AFNetworkReachabilityManager.h */; };
		B4CAF107199934C000856F13 /* AFNetworkReachabilityManager.m in Sources */ = {isa = PBXBuildFile; fileRef = B4CAF103199934C000856F13 /* AFNetworkReachabilityManager.m */; };
		B4CAF108199934C000856F13 /* AFSecurityPolicy.h in Headers */ = {isa = PBXBuildFile; fileRef = B4CAF104199934C000856F13 /* AFSecurityPolicy.h */; };
		B4CAF109199934C000856F13 /* AFSecurityPolicy.m in Sources */ = {isa = PBXBuildFile; fileRef = B4CAF105199934C000856F13 /* AFSecurityPolicy.m */; };
		B4CAF110199934CB00856F13 /* AFURLRequestSerialization.h in Headers */ = {isa = PBXBuildFile; fileRef = B4CAF10A199934CB00856F13 /* AFURLRequestSerialization.h */; };
		B4CAF111199934CB00856F13 /* AFURLRequestSerialization.m in Sources */ = {isa = PBXBuildFile; fileRef = B4CAF10B199934CB00856F13 /* AFURLRequestSerialization.m */; };
		B4CAF112199934CB00856F13 /* AFURLResponseSerialization.h in Headers */ = {isa = PBXBuildFile; fileRef = B4CAF10C199934CB00856F13 /* AFURLResponseSerialization.h */; };
		B4CAF113199934CB00856F13 /* AFURLResponseSerialization.m in Sources */ = {isa = PBXBuildFile; fileRef = B4CAF10D199934CB00856F13 /* AFURLResponseSerialization.m */; };
		B4CAF114199934CB00856F13 /* AFURLSessionManager.h in Headers */ = {isa = PBXBuildFile; fileRef = B4CAF10E199934CB00856F13 /* AFURLSessionManager.h */; };
		B4CAF115199934CB00856F13 /* AFURLSessionManager.m in Sources */ = {isa = PBXBuildFile; fileRef = B4CAF10F199934CB00856F13 /* AFURLSessionManager.m */; };
		B4D3043E16947D2600C71E4D /* AFHTTPRequestOperation.h in Headers */ = {isa = PBXBuildFile; fileRef = B434D5AA167BB674000945F0 /* AFHTTPRequestOperation.h */; settings = {ATTRIBUTES = (Public, ); }; };
		B4D3044216947D2600C71E4D /* AFNetworking.h in Headers */ = {isa = PBXBuildFile; fileRef = B434D5B2167BB674000945F0 /* AFNetworking.h */; settings = {ATTRIBUTES = (Public, ); }; };
		B4D3044416947D2600C71E4D /* AFURLConnectionOperation.h in Headers */ = {isa = PBXBuildFile; fileRef = B434D5B8167BB674000945F0 /* AFURLConnectionOperation.h */; settings = {ATTRIBUTES = (Public, ); }; };
/* End PBXBuildFile section */

/* Begin PBXFileReference section */
		B434D596167BB657000945F0 /* libAFNetworking.a */ = {isa = PBXFileReference; explicitFileType = archive.ar; includeInIndex = 0; path = libAFNetworking.a; sourceTree = BUILT_PRODUCTS_DIR; };
		B434D599167BB657000945F0 /* Foundation.framework */ = {isa = PBXFileReference; lastKnownFileType = wrapper.framework; name = Foundation.framework; path = System/Library/Frameworks/Foundation.framework; sourceTree = SDKROOT; };
		B434D5AA167BB674000945F0 /* AFHTTPRequestOperation.h */ = {isa = PBXFileReference; fileEncoding = 4; lastKnownFileType = sourcecode.c.h; path = AFHTTPRequestOperation.h; sourceTree = "<group>"; };
		B434D5AB167BB674000945F0 /* AFHTTPRequestOperation.m */ = {isa = PBXFileReference; fileEncoding = 4; lastKnownFileType = sourcecode.c.objc; path = AFHTTPRequestOperation.m; sourceTree = "<group>"; };
		B434D5B2167BB674000945F0 /* AFNetworking.h */ = {isa = PBXFileReference; fileEncoding = 4; lastKnownFileType = sourcecode.c.h; path = AFNetworking.h; sourceTree = "<group>"; };
		B434D5B8167BB674000945F0 /* AFURLConnectionOperation.h */ = {isa = PBXFileReference; fileEncoding = 4; lastKnownFileType = sourcecode.c.h; path = AFURLConnectionOperation.h; sourceTree = "<group>"; };
		B434D5B9167BB674000945F0 /* AFURLConnectionOperation.m */ = {isa = PBXFileReference; fileEncoding = 4; lastKnownFileType = sourcecode.c.objc; path = AFURLConnectionOperation.m; sourceTree = "<group>"; };
		B4C07616169210BA008814EF /* AFNetworking-Info.plist */ = {isa = PBXFileReference; fileEncoding = 4; lastKnownFileType = text.plist.xml; name = "AFNetworking-Info.plist"; path = "AFNetworking/AFNetworking-Info.plist"; sourceTree = SOURCE_ROOT; };
		B4C07617169210BA008814EF /* AFNetworking-Prefix.pch */ = {isa = PBXFileReference; fileEncoding = 4; lastKnownFileType = sourcecode.c.h; name = "AFNetworking-Prefix.pch"; path = "AFNetworking/AFNetworking-Prefix.pch"; sourceTree = SOURCE_ROOT; };
		B4C07619169210C6008814EF /* en */ = {isa = PBXFileReference; lastKnownFileType = text.plist.strings; name = en; path = AFNetworking/en.lproj/InfoPlist.strings; sourceTree = SOURCE_ROOT; };
		B4CAF0FA1999346900856F13 /* AFHTTPRequestOperationManager.h */ = {isa = PBXFileReference; fileEncoding = 4; lastKnownFileType = sourcecode.c.h; path = AFHTTPRequestOperationManager.h; sourceTree = "<group>"; };
		B4CAF0FB1999346900856F13 /* AFHTTPRequestOperationManager.m */ = {isa = PBXFileReference; fileEncoding = 4; lastKnownFileType = sourcecode.c.objc; path = AFHTTPRequestOperationManager.m; sourceTree = "<group>"; };
		B4CAF0FC1999346900856F13 /* AFHTTPSessionManager.h */ = {isa = PBXFileReference; fileEncoding = 4; lastKnownFileType = sourcecode.c.h; path = AFHTTPSessionManager.h; sourceTree = "<group>"; };
		B4CAF0FD1999346900856F13 /* AFHTTPSessionManager.m */ = {isa = PBXFileReference; fileEncoding = 4; lastKnownFileType = sourcecode.c.objc; path = AFHTTPSessionManager.m; sourceTree = "<group>"; };
		B4CAF102199934C000856F13 /* AFNetworkReachabilityManager.h */ = {isa = PBXFileReference; fileEncoding = 4; lastKnownFileType = sourcecode.c.h; path = AFNetworkReachabilityManager.h; sourceTree = "<group>"; };
		B4CAF103199934C000856F13 /* AFNetworkReachabilityManager.m */ = {isa = PBXFileReference; fileEncoding = 4; lastKnownFileType = sourcecode.c.objc; path = AFNetworkReachabilityManager.m; sourceTree = "<group>"; };
		B4CAF104199934C000856F13 /* AFSecurityPolicy.h */ = {isa = PBXFileReference; fileEncoding = 4; lastKnownFileType = sourcecode.c.h; path = AFSecurityPolicy.h; sourceTree = "<group>"; };
		B4CAF105199934C000856F13 /* AFSecurityPolicy.m */ = {isa = PBXFileReference; fileEncoding = 4; lastKnownFileType = sourcecode.c.objc; path = AFSecurityPolicy.m; sourceTree = "<group>"; };
		B4CAF10A199934CB00856F13 /* AFURLRequestSerialization.h */ = {isa = PBXFileReference; fileEncoding = 4; lastKnownFileType = sourcecode.c.h; path = AFURLRequestSerialization.h; sourceTree = "<group>"; };
		B4CAF10B199934CB00856F13 /* AFURLRequestSerialization.m */ = {isa = PBXFileReference; fileEncoding = 4; lastKnownFileType = sourcecode.c.objc; path = AFURLRequestSerialization.m; sourceTree = "<group>"; };
		B4CAF10C199934CB00856F13 /* AFURLResponseSerialization.h */ = {isa = PBXFileReference; fileEncoding = 4; lastKnownFileType = sourcecode.c.h; path = AFURLResponseSerialization.h; sourceTree = "<group>"; };
		B4CAF10D199934CB00856F13 /* AFURLResponseSerialization.m */ = {isa = PBXFileReference; fileEncoding = 4; lastKnownFileType = sourcecode.c.objc; path = AFURLResponseSerialization.m; sourceTree = "<group>"; };
		B4CAF10E199934CB00856F13 /* AFURLSessionManager.h */ = {isa = PBXFileReference; fileEncoding = 4; lastKnownFileType = sourcecode.c.h; path = AFURLSessionManager.h; sourceTree = "<group>"; };
		B4CAF10F199934CB00856F13 /* AFURLSessionManager.m */ = {isa = PBXFileReference; fileEncoding = 4; lastKnownFileType = sourcecode.c.objc; path = AFURLSessionManager.m; sourceTree = "<group>"; };
/* End PBXFileReference section */

/* Begin PBXFrameworksBuildPhase section */
		B434D593167BB657000945F0 /* Frameworks */ = {
			isa = PBXFrameworksBuildPhase;
			buildActionMask = 2147483647;
			files = (
				B434D59A167BB657000945F0 /* Foundation.framework in Frameworks */,
			);
			runOnlyForDeploymentPostprocessing = 0;
		};
/* End PBXFrameworksBuildPhase section */

/* Begin PBXGroup section */
		B434D58B167BB657000945F0 = {
			isa = PBXGroup;
			children = (
				B434D5A7167BB674000945F0 /* AFNetworking */,
				B434D598167BB657000945F0 /* Frameworks */,
				B434D597167BB657000945F0 /* Products */,
			);
			sourceTree = "<group>";
		};
		B434D597167BB657000945F0 /* Products */ = {
			isa = PBXGroup;
			children = (
				B434D596167BB657000945F0 /* libAFNetworking.a */,
			);
			name = Products;
			sourceTree = "<group>";
		};
		B434D598167BB657000945F0 /* Frameworks */ = {
			isa = PBXGroup;
			children = (
				B434D599167BB657000945F0 /* Foundation.framework */,
			);
			name = Frameworks;
			sourceTree = "<group>";
		};
		B434D5A7167BB674000945F0 /* AFNetworking */ = {
			isa = PBXGroup;
			children = (
				B4C076151692109D008814EF /* Supporting Files */,
				B434D5AA167BB674000945F0 /* AFHTTPRequestOperation.h */,
				B4CAF0FA1999346900856F13 /* AFHTTPRequestOperationManager.h */,
				B4CAF0FB1999346900856F13 /* AFHTTPRequestOperationManager.m */,
				B4CAF0FC1999346900856F13 /* AFHTTPSessionManager.h */,
				B4CAF0FD1999346900856F13 /* AFHTTPSessionManager.m */,
				B434D5AB167BB674000945F0 /* AFHTTPRequestOperation.m */,
				B434D5B2167BB674000945F0 /* AFNetworking.h */,
				B4CAF102199934C000856F13 /* AFNetworkReachabilityManager.h */,
				B4CAF103199934C000856F13 /* AFNetworkReachabilityManager.m */,
				B4CAF104199934C000856F13 /* AFSecurityPolicy.h */,
				B4CAF105199934C000856F13 /* AFSecurityPolicy.m */,
				B434D5B8167BB674000945F0 /* AFURLConnectionOperation.h */,
				B434D5B9167BB674000945F0 /* AFURLConnectionOperation.m */,
				B4CAF10A199934CB00856F13 /* AFURLRequestSerialization.h */,
				B4CAF10B199934CB00856F13 /* AFURLRequestSerialization.m */,
				B4CAF10C199934CB00856F13 /* AFURLResponseSerialization.h */,
				B4CAF10D199934CB00856F13 /* AFURLResponseSerialization.m */,
				B4CAF10E199934CB00856F13 /* AFURLSessionManager.h */,
				B4CAF10F199934CB00856F13 /* AFURLSessionManager.m */,
			);
			name = AFNetworking;
			path = ../AFNetworking;
			sourceTree = "<group>";
		};
		B4C076151692109D008814EF /* Supporting Files */ = {
			isa = PBXGroup;
			children = (
				B4C07618169210C6008814EF /* InfoPlist.strings */,
				B4C07616169210BA008814EF /* AFNetworking-Info.plist */,
				B4C07617169210BA008814EF /* AFNetworking-Prefix.pch */,
			);
			name = "Supporting Files";
			sourceTree = "<group>";
		};
/* End PBXGroup section */

/* Begin PBXHeadersBuildPhase section */
		B4D3043C16947D0800C71E4D /* Headers */ = {
			isa = PBXHeadersBuildPhase;
			buildActionMask = 2147483647;
			files = (
				B4CAF114199934CB00856F13 /* AFURLSessionManager.h in Headers */,
				B4D3043E16947D2600C71E4D /* AFHTTPRequestOperation.h in Headers */,
				B4CAF0FE1999346900856F13 /* AFHTTPRequestOperationManager.h in Headers */,
				B4CAF110199934CB00856F13 /* AFURLRequestSerialization.h in Headers */,
				B4CAF1001999346900856F13 /* AFHTTPSessionManager.h in Headers */,
				B4CAF106199934C000856F13 /* AFNetworkReachabilityManager.h in Headers */,
				B4CAF108199934C000856F13 /* AFSecurityPolicy.h in Headers */,
				B4CAF112199934CB00856F13 /* AFURLResponseSerialization.h in Headers */,
				B4D3044216947D2600C71E4D /* AFNetworking.h in Headers */,
				B4D3044416947D2600C71E4D /* AFURLConnectionOperation.h in Headers */,
			);
			runOnlyForDeploymentPostprocessing = 0;
		};
/* End PBXHeadersBuildPhase section */

/* Begin PBXNativeTarget section */
		B434D595167BB657000945F0 /* AFNetworkingLib */ = {
			isa = PBXNativeTarget;
			buildConfigurationList = B434D5A4167BB657000945F0 /* Build configuration list for PBXNativeTarget "AFNetworkingLib" */;
			buildPhases = (
				B434D592167BB657000945F0 /* Sources */,
				B434D593167BB657000945F0 /* Frameworks */,
				B4D3043C16947D0800C71E4D /* Headers */,
			);
			buildRules = (
			);
			dependencies = (
			);
			name = AFNetworkingLib;
			productName = iOSAFNetworkingFramework;
			productReference = B434D596167BB657000945F0 /* libAFNetworking.a */;
			productType = "com.apple.product-type.library.static";
		};
/* End PBXNativeTarget section */

/* Begin PBXProject section */
		B434D58D167BB657000945F0 /* Project object */ = {
			isa = PBXProject;
			attributes = {
				LastUpgradeCheck = 0450;
				ORGANIZATIONNAME = Asynchrony;
			};
			buildConfigurationList = B434D590167BB657000945F0 /* Build configuration list for PBXProject "iOSAFNetworkingFramework" */;
			compatibilityVersion = "Xcode 3.2";
			developmentRegion = English;
			hasScannedForEncodings = 0;
			knownRegions = (
				en,
			);
			mainGroup = B434D58B167BB657000945F0;
			productRefGroup = B434D597167BB657000945F0 /* Products */;
			projectDirPath = "";
			projectRoot = "";
			targets = (
				B434D595167BB657000945F0 /* AFNetworkingLib */,
			);
		};
/* End PBXProject section */

/* Begin PBXSourcesBuildPhase section */
		B434D592167BB657000945F0 /* Sources */ = {
			isa = PBXSourcesBuildPhase;
			buildActionMask = 2147483647;
			files = (
				B4CAF111199934CB00856F13 /* AFURLRequestSerialization.m in Sources */,
				B434D5BF167BB674000945F0 /* AFHTTPRequestOperation.m in Sources */,
				B4CAF0FF1999346900856F13 /* AFHTTPRequestOperationManager.m in Sources */,
				B4CAF115199934CB00856F13 /* AFURLSessionManager.m in Sources */,
				B4CAF113199934CB00856F13 /* AFURLResponseSerialization.m in Sources */,
				B4CAF107199934C000856F13 /* AFNetworkReachabilityManager.m in Sources */,
				B4CAF109199934C000856F13 /* AFSecurityPolicy.m in Sources */,
				B4CAF1011999346900856F13 /* AFHTTPSessionManager.m in Sources */,
				B434D5C4167BB674000945F0 /* AFURLConnectionOperation.m in Sources */,
			);
			runOnlyForDeploymentPostprocessing = 0;
		};
/* End PBXSourcesBuildPhase section */

/* Begin PBXVariantGroup section */
		B4C07618169210C6008814EF /* InfoPlist.strings */ = {
			isa = PBXVariantGroup;
			children = (
				B4C07619169210C6008814EF /* en */,
			);
			name = InfoPlist.strings;
			sourceTree = "<group>";
		};
/* End PBXVariantGroup section */

/* Begin XCBuildConfiguration section */
		B434D5A2167BB657000945F0 /* Debug */ = {
			isa = XCBuildConfiguration;
			buildSettings = {
				ALWAYS_SEARCH_USER_PATHS = NO;
				CLANG_CXX_LANGUAGE_STANDARD = "gnu++0x";
				CLANG_CXX_LIBRARY = "libc++";
				CLANG_ENABLE_OBJC_ARC = YES;
				CLANG_WARN_EMPTY_BODY = YES;
				CLANG_WARN__DUPLICATE_METHOD_MATCH = YES;
				COPY_PHASE_STRIP = NO;
				GCC_C_LANGUAGE_STANDARD = gnu99;
				GCC_DYNAMIC_NO_PIC = NO;
				GCC_OPTIMIZATION_LEVEL = 0;
				GCC_PREPROCESSOR_DEFINITIONS = (
					"DEBUG=1",
					"$(inherited)",
				);
				GCC_SYMBOLS_PRIVATE_EXTERN = NO;
				GCC_WARN_ABOUT_RETURN_TYPE = YES;
				GCC_WARN_UNINITIALIZED_AUTOS = YES;
				GCC_WARN_UNUSED_VARIABLE = YES;
				IPHONEOS_DEPLOYMENT_TARGET = 6.0;
				ONLY_ACTIVE_ARCH = YES;
				SDKROOT = iphoneos;
			};
			name = Debug;
		};
		B434D5A3167BB657000945F0 /* Release */ = {
			isa = XCBuildConfiguration;
			buildSettings = {
				ALWAYS_SEARCH_USER_PATHS = NO;
				CLANG_CXX_LANGUAGE_STANDARD = "gnu++0x";
				CLANG_CXX_LIBRARY = "libc++";
				CLANG_ENABLE_OBJC_ARC = YES;
				CLANG_WARN_EMPTY_BODY = YES;
				CLANG_WARN__DUPLICATE_METHOD_MATCH = YES;
				COPY_PHASE_STRIP = YES;
				GCC_C_LANGUAGE_STANDARD = gnu99;
				GCC_WARN_ABOUT_RETURN_TYPE = YES;
				GCC_WARN_UNINITIALIZED_AUTOS = YES;
				GCC_WARN_UNUSED_VARIABLE = YES;
				IPHONEOS_DEPLOYMENT_TARGET = 6.0;
				SDKROOT = iphoneos;
				VALIDATE_PRODUCT = YES;
			};
			name = Release;
		};
		B434D5A5167BB657000945F0 /* Debug */ = {
			isa = XCBuildConfiguration;
			buildSettings = {
				DSTROOT = /tmp/iOSAFNetworkingFramework.dst;
				GCC_PRECOMPILE_PREFIX_HEADER = YES;
				GCC_PREFIX_HEADER = "AFNetworking/AFNetworking-Prefix.pch";
				IPHONEOS_DEPLOYMENT_TARGET = 6.0;
				ONLY_ACTIVE_ARCH = NO;
				OTHER_LDFLAGS = "-ObjC";
				PRIVATE_HEADERS_FOLDER_PATH = /usr/local/include/AFNetworking;
				PRODUCT_NAME = AFNetworking;
				PUBLIC_HEADERS_FOLDER_PATH = /usr/local/include/AFNetworking;
				SKIP_INSTALL = YES;
			};
			name = Debug;
		};
		B434D5A6167BB657000945F0 /* Release */ = {
			isa = XCBuildConfiguration;
			buildSettings = {
				DSTROOT = /tmp/iOSAFNetworkingFramework.dst;
				GCC_PRECOMPILE_PREFIX_HEADER = YES;
				GCC_PREFIX_HEADER = "AFNetworking/AFNetworking-Prefix.pch";
				IPHONEOS_DEPLOYMENT_TARGET = 6.0;
				ONLY_ACTIVE_ARCH = NO;
				OTHER_LDFLAGS = "-ObjC";
				PRIVATE_HEADERS_FOLDER_PATH = /usr/local/include/AFNetworking;
				PRODUCT_NAME = AFNetworking;
				PUBLIC_HEADERS_FOLDER_PATH = /usr/local/include/AFNetworking;
				SKIP_INSTALL = YES;
			};
			name = Release;
		};
/* End XCBuildConfiguration section */

/* Begin XCConfigurationList section */
		B434D590167BB657000945F0 /* Build configuration list for PBXProject "iOSAFNetworkingFramework" */ = {
			isa = XCConfigurationList;
			buildConfigurations = (
				B434D5A2167BB657000945F0 /* Debug */,
				B434D5A3167BB657000945F0 /* Release */,
			);
			defaultConfigurationIsVisible = 0;
			defaultConfigurationName = Release;
		};
		B434D5A4167BB657000945F0 /* Build configuration list for PBXNativeTarget "AFNetworkingLib" */ = {
			isa = XCConfigurationList;
			buildConfigurations = (
				B434D5A5167BB657000945F0 /* Debug */,
				B434D5A6167BB657000945F0 /* Release */,
			);
			defaultConfigurationIsVisible = 0;
			defaultConfigurationName = Release;
		};
/* End XCConfigurationList section */
	};
	rootObject = B434D58D167BB657000945F0 /* Project object */;
}
